
Microsoft Visual Studio Solution File, Format Version 12.00
# Visual Studio Version 17
VisualStudioVersion = 17.5.33530.505
MinimumVisualStudioVersion = 10.0.40219.1
Project("{FAE04EC0-301F-11D3-BF4B-00C04F79EFBC}") = "WindowsFormsApp2", "WindowsFormsApp2\WindowsFormsApp2.csproj", "{0E3B0D51-2064-438F-A340-ED478423666C}"
EndProject
Project("{FAE04EC0-301F-11D3-BF4B-00C04F79EFBC}") = "TestProject1", "TestProject1\TestProject1.csproj", "{18B42FB7-1A06-4EF2-A0CA-7F33803AEA4E}"
EndProject
Project("{FAE04EC0-301F-11D3-BF4B-00C04F79EFBC}") = "UnitTestProject1", "UnitTestProject1\UnitTestProject1.csproj", "{583856C1-7D52-4A9A-964C-3EA7E10A586A}"
EndProject
Global
	GlobalSection(SolutionConfigurationPlatforms) = preSolution
		Debug|Any CPU = Debug|Any CPU
		Release|Any CPU = Release|Any CPU
	EndGlobalSection
	GlobalSection(ProjectConfigurationPlatforms) = postSolution
		{0E3B0D51-2064-438F-A340-ED478423666C}.Debug|Any CPU.ActiveCfg = Debug|Any CPU
		{0E3B0D51-2064-438F-A340-ED478423666C}.Debug|Any CPU.Build.0 = Debug|Any CPU
		{0E3B0D51-2064-438F-A340-ED478423666C}.Release|Any CPU.ActiveCfg = Release|Any CPU
		{0E3B0D51-2064-438F-A340-ED478423666C}.Release|Any CPU.Build.0 = Release|Any CPU
		{18B42FB7-1A06-4EF2-A0CA-7F33803AEA4E}.Debug|Any CPU.ActiveCfg = Debug|Any CPU
		{18B42FB7-1A06-4EF2-A0CA-7F33803AEA4E}.Debug|Any CPU.Build.0 = Debug|Any CPU
		{18B42FB7-1A06-4EF2-A0CA-7F33803AEA4E}.Release|Any CPU.ActiveCfg = Release|Any CPU
		{18B42FB7-1A06-4EF2-A0CA-7F33803AEA4E}.Release|Any CPU.Build.0 = Release|Any CPU
		{583856C1-7D52-4A9A-964C-3EA7E10A586A}.Debug|Any CPU.ActiveCfg = Debug|Any CPU
		{583856C1-7D52-4A9A-964C-3EA7E10A586A}.Debug|Any CPU.Build.0 = Debug|Any CPU
		{583856C1-7D52-4A9A-964C-3EA7E10A586A}.Release|Any CPU.ActiveCfg = Release|Any CPU
		{583856C1-7D52-4A9A-964C-3EA7E10A586A}.Release|Any CPU.Build.0 = Release|Any CPU
	EndGlobalSection
	GlobalSection(SolutionProperties) = preSolution
		HideSolutionNode = FALSE
	EndGlobalSection
	GlobalSection(ExtensibilityGlobals) = postSolution
		SolutionGuid = {CA7DED00-72C7-459E-97A2-0B53611BCF6B}
	EndGlobalSection
EndGlobal
